<Solution>
  <Folder Name="/services/">
    <Project Path="services/identity-service/IdentityService.csproj" />
    <Project Path="services/catalog-service/CatalogService.csproj" />
  </Folder>
  <Folder Name="/tests/">
    <Project Path="tests/IdentityService.Tests/IdentityService.Tests.csproj" />
    <Project Path="tests/CatalogService.Tests/CatalogService.Tests.csproj" />
    <Project Path="tests/IntegrationTests/IntegrationTests.csproj" />
  </Folder>
</Solution>
